{
  "name": "arena-survival",
  "version": "0.0.1",
  "lockfileVersion": 1,
  "requires": true,
  "dependencies": {
    "excalibur": {
      "version": "0.24.3",
      "resolved": "https://registry.npmjs.org/excalibur/-/excalibur-0.24.3.tgz",
      "integrity": "sha512-dn1LoKmOPK4ZXkMXhFfMakcvCCDYCl+H5TV3szmnFDvlJ72L+J0ocAqhanu3YIQobehjEQjNY+Rz7KQnobI//w=="
    }
  }
}
